
Microsoft Visual Studio Solution File, Format Version 12.00
# Visual Studio 15
VisualStudioVersion = 15.0.27428.2015
MinimumVisualStudioVersion = 10.0.40219.1
Project("{FAE04EC0-301F-11D3-BF4B-00C04F79EFBC}") = "Proov123", "Proov123\Proov123.csproj", "{0135D5DF-B4FE-4E44-824A-0E55F5A19AE3}"
EndProject
Project("{2150E333-8FDC-42A3-9474-1A3956D46DE8}") = "Solution Items", "Solution Items", "{E0CF6CC2-BF2B-4F0F-AA8C-2598226C47CE}"
	ProjectSection(SolutionItems) = preProject
		CHANGELOG.md = CHANGELOG.md
		README.md = README.md
	EndProjectSection
EndProject
Global
	GlobalSection(SolutionConfigurationPlatforms) = preSolution
		Debug|Any CPU = Debug|Any CPU
		Release|Any CPU = Release|Any CPU
	EndGlobalSection
	GlobalSection(ProjectConfigurationPlatforms) = postSolution
		{0135D5DF-B4FE-4E44-824A-0E55F5A19AE3}.Debug|Any CPU.ActiveCfg = Debug|Any CPU
		{0135D5DF-B4FE-4E44-824A-0E55F5A19AE3}.Debug|Any CPU.Build.0 = Debug|Any CPU
		{0135D5DF-B4FE-4E44-824A-0E55F5A19AE3}.Release|Any CPU.ActiveCfg = Release|Any CPU
		{0135D5DF-B4FE-4E44-824A-0E55F5A19AE3}.Release|Any CPU.Build.0 = Release|Any CPU
	EndGlobalSection
	GlobalSection(SolutionProperties) = preSolution
		HideSolutionNode = FALSE
	EndGlobalSection
	GlobalSection(ExtensibilityGlobals) = postSolution
		SolutionGuid = {B844DD0D-BFB0-4FB8-870B-F9D920077F26}
	EndGlobalSection
EndGlobal
